<?xml version="1.0" encoding="utf-8"?>
<Project ToolsVersion="4.0" xmlns="http://schemas.microsoft.com/developer/msbuild/2003">
  <ItemGroup>
    <Filter Include="Source Files">
      <UniqueIdentifier>{4FC737F1-C7A5-4376-A066-2A32D752A2FF}</UniqueIdentifier>
      <Extensions>cpp;c;cc;cxx;def;odl;idl;hpj;bat;asm;asmx</Extensions>
    </Filter>
    <Filter Include="Header Files">
      <UniqueIdentifier>{93995380-89BD-4b04-88EB-625FBE52EBFB}</UniqueIdentifier>
      <Extensions>h;hh;hpp;hxx;hm;inl;inc;xsd</Extensions>
    </Filter>
    <Filter Include="Resource Files">
      <UniqueIdentifier>{67DA6AB6-F800-4c08-8B7A-83BB121AAD01}</UniqueIdentifier>
      <Extensions>rc;ico;cur;bmp;dlg;rc2;rct;bin;rgs;gif;jpg;jpeg;jpe;resx;tiff;tif;png;wav;mfcribbon-ms</Extensions>
    </Filter>
    <Filter Include="Index Method">
      <UniqueIdentifier>{2672af7a-6f02-47d6-a910-d555a3d2a247}</UniqueIdentifier>
    </Filter>
    <Filter Include="Universal">
      <UniqueIdentifier>{b4f990ea-2fa3-4210-92c7-0066e7b0b692}</UniqueIdentifier>
    </Filter>
    <Filter Include="Universal\Utility">
      <UniqueIdentifier>{9d1e7e24-b048-4ef4-9ded-b284d674a292}</UniqueIdentifier>
    </Filter>
    <Filter Include="exceptions">
      <UniqueIdentifier>{49f8e347-f9b0-47b7-a5f6-bd1f665bd0f4}</UniqueIdentifier>
    </Filter>
  </ItemGroup>
  <ItemGroup>
    <Text Include="Text.txt">
      <Filter>Resource Files</Filter>
    </Text>
  </ItemGroup>
  <ItemGroup>
    <ClInclude Include="stdafx.h">
      <Filter>Header Files</Filter>
    </ClInclude>
    <ClInclude Include="targetver.h">
      <Filter>Header Files</Filter>
    </ClInclude>
    <ClInclude Include="FunctionBool.h">
      <Filter>Universal</Filter>
    </ClInclude>
    <ClInclude Include="VarTable.h">
      <Filter>Universal</Filter>
    </ClInclude>
    <ClInclude Include="PrintTable .h">
      <Filter>Universal</Filter>
    </ClInclude>
    <ClInclude Include="UtilityFunc.h">
      <Filter>Universal\Utility</Filter>
    </ClInclude>
    <ClInclude Include="IndexTable.h">
      <Filter>Index Method</Filter>
    </ClInclude>
  </ItemGroup>
  <ItemGroup>
    <ClCompile Include="stdafx.cpp">
      <Filter>Source Files</Filter>
    </ClCompile>
    <ClCompile Include="Indexies.cpp">
      <Filter>Source Files</Filter>
    </ClCompile>
    <ClCompile Include="IndexTable.cpp">
      <Filter>Index Method</Filter>
    </ClCompile>
    <ClCompile Include="FunctionBool.cpp">
      <Filter>Universal</Filter>
    </ClCompile>
    <ClCompile Include="PrintTable .cpp">
      <Filter>Universal</Filter>
    </ClCompile>
    <ClCompile Include="UtilityFunc.cpp">
      <Filter>Universal\Utility</Filter>
    </ClCompile>
    <ClCompile Include="VarTable.cpp">
      <Filter>Universal</Filter>
    </ClCompile>
  </ItemGroup>
</Project>